
Microsoft Visual Studio Solution File, Format Version 12.00
# Visual Studio 2012
Project("{FAE04EC0-301F-11D3-BF4B-00C04F79EFBC}") = "SPGuysCustomFieldPermission", "SPGuysCustomFieldPermission\SPGuysCustomFieldPermission.csproj", "{55AA99B1-328B-4FBD-9879-EB4F09F91349}"
	ProjectSection(ProjectDependencies) = postProject
		{C3EAEA29-1A55-43C1-97BF-45332CF00E34} = {C3EAEA29-1A55-43C1-97BF-45332CF00E34}
	EndProjectSection
EndProject
Project("{FAE04EC0-301F-11D3-BF4B-00C04F79EFBC}") = "SPGuysCustomFieldPermissionLibrary", "SPGuysCustomFieldPermissionLibrary\SPGuysCustomFieldPermissionLibrary.csproj", "{C3EAEA29-1A55-43C1-97BF-45332CF00E34}"
EndProject
Global
	GlobalSection(TeamFoundationVersionControl) = preSolution
		SccNumberOfProjects = 3
		SccEnterpriseProvider = {4CA58AB2-18FA-4F8D-95D4-32DDF27D184C}
		SccTeamFoundationServer = https://sharepointsolutions.visualstudio.com/defaultcollection
		SccLocalPath0 = .
		SccProjectUniqueName1 = SPGuysCustomFieldPermission\\SPGuysCustomFieldPermission.csproj
		SccProjectName1 = SPGuysCustomFieldPermission
		SccLocalPath1 = SPGuysCustomFieldPermission
		SccProjectUniqueName2 = SPGuysCustomFieldPermissionLibrary\\SPGuysCustomFieldPermissionLibrary.csproj
		SccProjectName2 = SPGuysCustomFieldPermissionLibrary
		SccLocalPath2 = SPGuysCustomFieldPermissionLibrary
	EndGlobalSection
	GlobalSection(SolutionConfigurationPlatforms) = preSolution
		Debug|Any CPU = Debug|Any CPU
		Release|Any CPU = Release|Any CPU
	EndGlobalSection
	GlobalSection(ProjectConfigurationPlatforms) = postSolution
		{55AA99B1-328B-4FBD-9879-EB4F09F91349}.Debug|Any CPU.ActiveCfg = Debug|Any CPU
		{55AA99B1-328B-4FBD-9879-EB4F09F91349}.Debug|Any CPU.Build.0 = Debug|Any CPU
		{55AA99B1-328B-4FBD-9879-EB4F09F91349}.Debug|Any CPU.Deploy.0 = Debug|Any CPU
		{55AA99B1-328B-4FBD-9879-EB4F09F91349}.Release|Any CPU.ActiveCfg = Release|Any CPU
		{55AA99B1-328B-4FBD-9879-EB4F09F91349}.Release|Any CPU.Build.0 = Release|Any CPU
		{55AA99B1-328B-4FBD-9879-EB4F09F91349}.Release|Any CPU.Deploy.0 = Release|Any CPU
		{C3EAEA29-1A55-43C1-97BF-45332CF00E34}.Debug|Any CPU.ActiveCfg = Debug|Any CPU
		{C3EAEA29-1A55-43C1-97BF-45332CF00E34}.Debug|Any CPU.Build.0 = Debug|Any CPU
		{C3EAEA29-1A55-43C1-97BF-45332CF00E34}.Release|Any CPU.ActiveCfg = Release|Any CPU
		{C3EAEA29-1A55-43C1-97BF-45332CF00E34}.Release|Any CPU.Build.0 = Release|Any CPU
	EndGlobalSection
	GlobalSection(SolutionProperties) = preSolution
		HideSolutionNode = FALSE
	EndGlobalSection
EndGlobal
